
Microsoft Visual Studio Solution File, Format Version 12.00
# Visual Studio Version 17
VisualStudioVersion = 17.11.35219.272
MinimumVisualStudioVersion = 10.0.40219.1
Project("{FAE04EC0-301F-11D3-BF4B-00C04F79EFBC}") = "WpfApp1", "WpfApp1\WpfApp1.csproj", "{297D2CEC-CF53-4F3A-AE01-9E45B8BB0869}"
EndProject
Global
	GlobalSection(SolutionConfigurationPlatforms) = preSolution
		Debug|Any CPU = Debug|Any CPU
		Release|Any CPU = Release|Any CPU
	EndGlobalSection
	GlobalSection(ProjectConfigurationPlatforms) = postSolution
		{297D2CEC-CF53-4F3A-AE01-9E45B8BB0869}.Debug|Any CPU.ActiveCfg = Debug|Any CPU
		{297D2CEC-CF53-4F3A-AE01-9E45B8BB0869}.Debug|Any CPU.Build.0 = Debug|Any CPU
		{297D2CEC-CF53-4F3A-AE01-9E45B8BB0869}.Release|Any CPU.ActiveCfg = Release|Any CPU
		{297D2CEC-CF53-4F3A-AE01-9E45B8BB0869}.Release|Any CPU.Build.0 = Release|Any CPU
	EndGlobalSection
	GlobalSection(SolutionProperties) = preSolution
		HideSolutionNode = FALSE
	EndGlobalSection
	GlobalSection(ExtensibilityGlobals) = postSolution
		SolutionGuid = {DF356C07-F2B2-4855-B235-62AF99F1EEEA}
	EndGlobalSection
EndGlobal
